// !$*UTF8*$!
{
	archiveVersion = 1;
	classes = {
	};
	objectVersion = 50;
	objects = {

/* Begin PBXBuildFile section */
		FDCA8F4F23D0ED17002D12E8 /* AppDelegate.swift in Sources */ = {isa = PBXBuildFile; fileRef = FDCA8F4E23D0ED17002D12E8 /* AppDelegate.swift */; };
		FDCA8F5123D0ED17002D12E8 /* SceneDelegate.swift in Sources */ = {isa = PBXBuildFile; fileRef = FDCA8F5023D0ED17002D12E8 /* SceneDelegate.swift */; };
		FDCA8F5323D0ED17002D12E8 /* ViewController.swift in Sources */ = {isa = PBXBuildFile; fileRef = FDCA8F5223D0ED17002D12E8 /* ViewController.swift */; };
		FDCA8F5623D0ED17002D12E8 /* Main.storyboard in Resources */ = {isa = PBXBuildFile; fileRef = FDCA8F5423D0ED17002D12E8 /* Main.storyboard */; };
		FDCA8F5923D0ED17002D12E8 /* ARFitHelper.xcdatamodeld in Sources */ = {isa = PBXBuildFile; fileRef = FDCA8F5723D0ED17002D12E8 /* ARFitHelper.xcdatamodeld */; };
		FDCA8F5B23D0ED1A002D12E8 /* Assets.xcassets in Resources */ = {isa = PBXBuildFile; fileRef = FDCA8F5A23D0ED1A002D12E8 /* Assets.xcassets */; };
		FDCA8F5E23D0ED1A002D12E8 /* LaunchScreen.storyboard in Resources */ = {isa = PBXBuildFile; fileRef = FDCA8F5C23D0ED1A002D12E8 /* LaunchScreen.storyboard */; };
/* End PBXBuildFile section */

/* Begin PBXFileReference section */
		FDCA8F4B23D0ED17002D12E8 /* ARFitHelper.app */ = {isa = PBXFileReference; explicitFileType = wrapper.application; includeInIndex = 0; path = ARFitHelper.app; sourceTree = BUILT_PRODUCTS_DIR; };
		FDCA8F4E23D0ED17002D12E8 /* AppDelegate.swift */ = {isa = PBXFileReference; lastKnownFileType = sourcecode.swift; path = AppDelegate.swift; sourceTree = "<group>"; };
		FDCA8F5023D0ED17002D12E8 /* SceneDelegate.swift */ = {isa = PBXFileReference; lastKnownFileType = sourcecode.swift; path = SceneDelegate.swift; sourceTree = "<group>"; };
		FDCA8F5223D0ED17002D12E8 /* ViewController.swift */ = {isa = PBXFileReference; lastKnownFileType = sourcecode.swift; path = ViewController.swift; sourceTree = "<group>"; };
		FDCA8F5523D0ED17002D12E8 /* Base */ = {isa = PBXFileReference; lastKnownFileType = file.storyboard; name = Base; path = Base.lproj/Main.storyboard; sourceTree = "<group>"; };
		FDCA8F5823D0ED17002D12E8 /* ARFitHelper.xcdatamodel */ = {isa = PBXFileReference; lastKnownFileType = wrapper.xcdatamodel; path = ARFitHelper.xcdatamodel; sourceTree = "<group>"; };
		FDCA8F5A23D0ED1A002D12E8 /* Assets.xcassets */ = {isa = PBXFileReference; lastKnownFileType = folder.assetcatalog; path = Assets.xcassets; sourceTree = "<group>"; };
		FDCA8F5D23D0ED1A002D12E8 /* Base */ = {isa = PBXFileReference; lastKnownFileType = file.storyboard; name = Base; path = Base.lproj/LaunchScreen.storyboard; sourceTree = "<group>"; };
		FDCA8F5F23D0ED1A002D12E8 /* Info.plist */ = {isa = PBXFileReference; lastKnownFileType = text.plist.xml; path = Info.plist; sourceTree = "<group>"; };
/* End PBXFileReference section */

/* Begin PBXFrameworksBuildPhase section */
		FDCA8F4823D0ED17002D12E8 /* Frameworks */ = {
			isa = PBXFrameworksBuildPhase;
			buildActionMask = 2147483647;
			files = (
			);
			runOnlyForDeploymentPostprocessing = 0;
		};
/* End PBXFrameworksBuildPhase section */

/* Begin PBXGroup section */
		FDCA8F4223D0ED17002D12E8 = {
			isa = PBXGroup;
			children = (
				FDCA8F4D23D0ED17002D12E8 /* ARFitHelper */,
				FDCA8F4C23D0ED17002D12E8 /* Products */,
			);
			sourceTree = "<group>";
		};
		FDCA8F4C23D0ED17002D12E8 /* Products */ = {
			isa = PBXGroup;
			children = (
				FDCA8F4B23D0ED17002D12E8 /* ARFitHelper.app */,
			);
			name = Products;
			sourceTree = "<group>";
		};
		FDCA8F4D23D0ED17002D12E8 /* ARFitHelper */ = {
			isa = PBXGroup;
			children = (
				FDCA8F4E23D0ED17002D12E8 /* AppDelegate.swift */,
				FDCA8F5023D0ED17002D12E8 /* SceneDelegate.swift */,
				FDCA8F5223D0ED17002D12E8 /* ViewController.swift */,
				FDCA8F5423D0ED17002D12E8 /* Main.storyboard */,
				FDCA8F5A23D0ED1A002D12E8 /* Assets.xcassets */,
				FDCA8F5C23D0ED1A002D12E8 /* LaunchScreen.storyboard */,
				FDCA8F5F23D0ED1A002D12E8 /* Info.plist */,
				FDCA8F5723D0ED17002D12E8 /* ARFitHelper.xcdatamodeld */,
			);
			path = ARFitHelper;
			sourceTree = "<group>";
		};
/* End PBXGroup section */

/* Begin PBXNativeTarget section */
		FDCA8F4A23D0ED17002D12E8 /* ARFitHelper */ = {
			isa = PBXNativeTarget;
			buildConfigurationList = FDCA8F6223D0ED1A002D12E8 /* Build configuration list for PBXNativeTarget "ARFitHelper" */;
			buildPhases = (
				FDCA8F4723D0ED17002D12E8 /* Sources */,
				FDCA8F4823D0ED17002D12E8 /* Frameworks */,
				FDCA8F4923D0ED17002D12E8 /* Resources */,
			);
			buildRules = (
			);
			dependencies = (
			);
			name = ARFitHelper;
			productName = ARFitHelper;
			productReference = FDCA8F4B23D0ED17002D12E8 /* ARFitHelper.app */;
			productType = "com.apple.product-type.application";
		};
/* End PBXNativeTarget section */

/* Begin PBXProject section */
		FDCA8F4323D0ED17002D12E8 /* Project object */ = {
			isa = PBXProject;
			attributes = {
				LastSwiftUpdateCheck = 1130;
				LastUpgradeCheck = 1130;
				ORGANIZATIONNAME = "Антон Петренко";
				TargetAttributes = {
					FDCA8F4A23D0ED17002D12E8 = {
						CreatedOnToolsVersion = 11.3.1;
					};
				};
			};
			buildConfigurationList = FDCA8F4623D0ED17002D12E8 /* Build configuration list for PBXProject "ARFitHelper" */;
			compatibilityVersion = "Xcode 9.3";
			developmentRegion = en;
			hasScannedForEncodings = 0;
			knownRegions = (
				en,
				Base,
			);
			mainGroup = FDCA8F4223D0ED17002D12E8;
			productRefGroup = FDCA8F4C23D0ED17002D12E8 /* Products */;
			projectDirPath = "";
			projectRoot = "";
			targets = (
				FDCA8F4A23D0ED17002D12E8 /* ARFitHelper */,
			);
		};
/* End PBXProject section */

/* Begin PBXResourcesBuildPhase section */
		FDCA8F4923D0ED17002D12E8 /* Resources */ = {
			isa = PBXResourcesBuildPhase;
			buildActionMask = 2147483647;
			files = (
				FDCA8F5E23D0ED1A002D12E8 /* LaunchScreen.storyboard in Resources */,
				FDCA8F5B23D0ED1A002D12E8 /* Assets.xcassets in Resources */,
				FDCA8F5623D0ED17002D12E8 /* Main.storyboard in Resources */,
			);
			runOnlyForDeploymentPostprocessing = 0;
		};
/* End PBXResourcesBuildPhase section */

/* Begin PBXSourcesBuildPhase section */
		FDCA8F4723D0ED17002D12E8 /* Sources */ = {
			isa = PBXSourcesBuildPhase;
			buildActionMask = 2147483647;
			files = (
				FDCA8F5323D0ED17002D12E8 /* ViewController.swift in Sources */,
				FDCA8F4F23D0ED17002D12E8 /* AppDelegate.swift in Sources */,
				FDCA8F5923D0ED17002D12E8 /* ARFitHelper.xcdatamodeld in Sources */,
				FDCA8F5123D0ED17002D12E8 /* SceneDelegate.swift in Sources */,
			);
			runOnlyForDeploymentPostprocessing = 0;
		};
/* End PBXSourcesBuildPhase section */

/* Begin PBXVariantGroup section */
		FDCA8F5423D0ED17002D12E8 /* Main.storyboard */ = {
			isa = PBXVariantGroup;
			children = (
				FDCA8F5523D0ED17002D12E8 /* Base */,
			);
			name = Main.storyboard;
			sourceTree = "<group>";
		};
		FDCA8F5C23D0ED1A002D12E8 /* LaunchScreen.storyboard */ = {
			isa = PBXVariantGroup;
			children = (
				FDCA8F5D23D0ED1A002D12E8 /* Base */,
			);
			name = LaunchScreen.storyboard;
			sourceTree = "<group>";
		};
/* End PBXVariantGroup section */

/* Begin XCBuildConfiguration section */
		FDCA8F6023D0ED1A002D12E8 /* Debug */ = {
			isa = XCBuildConfiguration;
			buildSettings = {
				ALWAYS_SEARCH_USER_PATHS = NO;
				CLANG_ANALYZER_NONNULL = YES;
				CLANG_ANALYZER_NUMBER_OBJECT_CONVERSION = YES_AGGRESSIVE;
				CLANG_CXX_LANGUAGE_STANDARD = "gnu++14";
				CLANG_CXX_LIBRARY = "libc++";
				CLANG_ENABLE_MODULES = YES;
				CLANG_ENABLE_OBJC_ARC = YES;
				CLANG_ENABLE_OBJC_WEAK = YES;
				CLANG_WARN_BLOCK_CAPTURE_AUTORELEASING = YES;
				CLANG_WARN_BOOL_CONVERSION = YES;
				CLANG_WARN_COMMA = YES;
				CLANG_WARN_CONSTANT_CONVERSION = YES;
				CLANG_WARN_DEPRECATED_OBJC_IMPLEMENTATIONS = YES;
				CLANG_WARN_DIRECT_OBJC_ISA_USAGE = YES_ERROR;
				CLANG_WARN_DOCUMENTATION_COMMENTS = YES;
				CLANG_WARN_EMPTY_BODY = YES;
				CLANG_WARN_ENUM_CONVERSION = YES;
				CLANG_WARN_INFINITE_RECURSION = YES;
				CLANG_WARN_INT_CONVERSION = YES;
				CLANG_WARN_NON_LITERAL_NULL_CONVERSION = YES;
				CLANG_WARN_OBJC_IMPLICIT_RETAIN_SELF = YES;
				CLANG_WARN_OBJC_LITERAL_CONVERSION = YES;
				CLANG_WARN_OBJC_ROOT_CLASS = YES_ERROR;
				CLANG_WARN_RANGE_LOOP_ANALYSIS = YES;
				CLANG_WARN_STRICT_PROTOTYPES = YES;
				CLANG_WARN_SUSPICIOUS_MOVE = YES;
				CLANG_WARN_UNGUARDED_AVAILABILITY = YES_AGGRESSIVE;
				CLANG_WARN_UNREACHABLE_CODE = YES;
				CLANG_WARN__DUPLICATE_METHOD_MATCH = YES;
				COPY_PHASE_STRIP = NO;
				DEBUG_INFORMATION_FORMAT = dwarf;
				ENABLE_STRICT_OBJC_MSGSEND = YES;
				ENABLE_TESTABILITY = YES;
				GCC_C_LANGUAGE_STANDARD = gnu11;
				GCC_DYNAMIC_NO_PIC = NO;
				GCC_NO_COMMON_BLOCKS = YES;
				GCC_OPTIMIZATION_LEVEL = 0;
				GCC_PREPROCESSOR_DEFINITIONS = (
					"DEBUG=1",
					"$(inherited)",
				);
				GCC_WARN_64_TO_32_BIT_CONVERSION = YES;
				GCC_WARN_ABOUT_RETURN_TYPE = YES_ERROR;
				GCC_WARN_UNDECLARED_SELECTOR = YES;
				GCC_WARN_UNINITIALIZED_AUTOS = YES_AGGRESSIVE;
				GCC_WARN_UNUSED_FUNCTION = YES;
				GCC_WARN_UNUSED_VARIABLE = YES;
				IPHONEOS_DEPLOYMENT_TARGET = 13.2;
				MTL_ENABLE_DEBUG_INFO = INCLUDE_SOURCE;
				MTL_FAST_MATH = YES;
				ONLY_ACTIVE_ARCH = YES;
				SDKROOT = iphoneos;
				SWIFT_ACTIVE_COMPILATION_CONDITIONS = DEBUG;
				SWIFT_OPTIMIZATION_LEVEL = "-Onone";
			};
			name = Debug;
		};
		FDCA8F6123D0ED1A002D12E8 /* Release */ = {
			isa = XCBuildConfiguration;
			buildSettings = {
				ALWAYS_SEARCH_USER_PATHS = NO;
				CLANG_ANALYZER_NONNULL = YES;
				CLANG_ANALYZER_NUMBER_OBJECT_CONVERSION = YES_AGGRESSIVE;
				CLANG_CXX_LANGUAGE_STANDARD = "gnu++14";
				CLANG_CXX_LIBRARY = "libc++";
				CLANG_ENABLE_MODULES = YES;
				CLANG_ENABLE_OBJC_ARC = YES;
				CLANG_ENABLE_OBJC_WEAK = YES;
				CLANG_WARN_BLOCK_CAPTURE_AUTORELEASING = YES;
				CLANG_WARN_BOOL_CONVERSION = YES;
				CLANG_WARN_COMMA = YES;
				CLANG_WARN_CONSTANT_CONVERSION = YES;
				CLANG_WARN_DEPRECATED_OBJC_IMPLEMENTATIONS = YES;
				CLANG_WARN_DIRECT_OBJC_ISA_USAGE = YES_ERROR;
				CLANG_WARN_DOCUMENTATION_COMMENTS = YES;
				CLANG_WARN_EMPTY_BODY = YES;
				CLANG_WARN_ENUM_CONVERSION = YES;
				CLANG_WARN_INFINITE_RECURSION = YES;
				CLANG_WARN_INT_CONVERSION = YES;
				CLANG_WARN_NON_LITERAL_NULL_CONVERSION = YES;
				CLANG_WARN_OBJC_IMPLICIT_RETAIN_SELF = YES;
				CLANG_WARN_OBJC_LITERAL_CONVERSION = YES;
				CLANG_WARN_OBJC_ROOT_CLASS = YES_ERROR;
				CLANG_WARN_RANGE_LOOP_ANALYSIS = YES;
				CLANG_WARN_STRICT_PROTOTYPES = YES;
				CLANG_WARN_SUSPICIOUS_MOVE = YES;
				CLANG_WARN_UNGUARDED_AVAILABILITY = YES_AGGRESSIVE;
				CLANG_WARN_UNREACHABLE_CODE = YES;
				CLANG_WARN__DUPLICATE_METHOD_MATCH = YES;
				COPY_PHASE_STRIP = NO;
				DEBUG_INFORMATION_FORMAT = "dwarf-with-dsym";
				ENABLE_NS_ASSERTIONS = NO;
				ENABLE_STRICT_OBJC_MSGSEND = YES;
				GCC_C_LANGUAGE_STANDARD = gnu11;
				GCC_NO_COMMON_BLOCKS = YES;
				GCC_WARN_64_TO_32_BIT_CONVERSION = YES;
				GCC_WARN_ABOUT_RETURN_TYPE = YES_ERROR;
				GCC_WARN_UNDECLARED_SELECTOR = YES;
				GCC_WARN_UNINITIALIZED_AUTOS = YES_AGGRESSIVE;
				GCC_WARN_UNUSED_FUNCTION = YES;
				GCC_WARN_UNUSED_VARIABLE = YES;
				IPHONEOS_DEPLOYMENT_TARGET = 13.2;
				MTL_ENABLE_DEBUG_INFO = NO;
				MTL_FAST_MATH = YES;
				SDKROOT = iphoneos;
				SWIFT_COMPILATION_MODE = wholemodule;
				SWIFT_OPTIMIZATION_LEVEL = "-O";
				VALIDATE_PRODUCT = YES;
			};
			name = Release;
		};
		FDCA8F6323D0ED1A002D12E8 /* Debug */ = {
			isa = XCBuildConfiguration;
			buildSettings = {
				ASSETCATALOG_COMPILER_APPICON_NAME = AppIcon;
				CODE_SIGN_STYLE = Automatic;
				INFOPLIST_FILE = ARFitHelper/Info.plist;
				LD_RUNPATH_SEARCH_PATHS = (
					"$(inherited)",
					"@executable_path/Frameworks",
				);
				PRODUCT_BUNDLE_IDENTIFIER = PetrenkoInc.ARFitHelper;
				PRODUCT_NAME = "$(TARGET_NAME)";
				SWIFT_VERSION = 5.0;
				TARGETED_DEVICE_FAMILY = "1,2";
			};
			name = Debug;
		};
		FDCA8F6423D0ED1A002D12E8 /* Release */ = {
			isa = XCBuildConfiguration;
			buildSettings = {
				ASSETCATALOG_COMPILER_APPICON_NAME = AppIcon;
				CODE_SIGN_STYLE = Automatic;
				INFOPLIST_FILE = ARFitHelper/Info.plist;
				LD_RUNPATH_SEARCH_PATHS = (
					"$(inherited)",
					"@executable_path/Frameworks",
				);
				PRODUCT_BUNDLE_IDENTIFIER = PetrenkoInc.ARFitHelper;
				PRODUCT_NAME = "$(TARGET_NAME)";
				SWIFT_VERSION = 5.0;
				TARGETED_DEVICE_FAMILY = "1,2";
			};
			name = Release;
		};
/* End XCBuildConfiguration section */

/* Begin XCConfigurationList section */
		FDCA8F4623D0ED17002D12E8 /* Build configuration list for PBXProject "ARFitHelper" */ = {
			isa = XCConfigurationList;
			buildConfigurations = (
				FDCA8F6023D0ED1A002D12E8 /* Debug */,
				FDCA8F6123D0ED1A002D12E8 /* Release */,
			);
			defaultConfigurationIsVisible = 0;
			defaultConfigurationName = Release;
		};
		FDCA8F6223D0ED1A002D12E8 /* Build configuration list for PBXNativeTarget "ARFitHelper" */ = {
			isa = XCConfigurationList;
			buildConfigurations = (
				FDCA8F6323D0ED1A002D12E8 /* Debug */,
				FDCA8F6423D0ED1A002D12E8 /* Release */,
			);
			defaultConfigurationIsVisible = 0;
			defaultConfigurationName = Release;
		};
/* End XCConfigurationList section */

/* Begin XCVersionGroup section */
		FDCA8F5723D0ED17002D12E8 /* ARFitHelper.xcdatamodeld */ = {
			isa = XCVersionGroup;
			children = (
				FDCA8F5823D0ED17002D12E8 /* ARFitHelper.xcdatamodel */,
			);
			currentVersion = FDCA8F5823D0ED17002D12E8 /* ARFitHelper.xcdatamodel */;
			path = ARFitHelper.xcdatamodeld;
			sourceTree = "<group>";
			versionGroupType = wrapper.xcdatamodel;
		};
/* End XCVersionGroup section */
	};
	rootObject = FDCA8F4323D0ED17002D12E8 /* Project object */;
}
